
Microsoft Visual Studio Solution File, Format Version 12.00
# Visual Studio Version 17
VisualStudioVersion = 17.14.36705.20
MinimumVisualStudioVersion = 10.0.40219.1
Project("{8BC9CEB8-8B4A-11D0-8D11-00A0C91BC942}") = "ProjetSFML", "ProjetSFML.vcxproj", "{B2FF20AA-CE0B-4119-8FED-E6E1E019FAF9}"
EndProject
Global
	GlobalSection(SolutionConfigurationPlatforms) = preSolution
		Debug|x64 = Debug|x64
		Debug|x86 = Debug|x86
		Release|x64 = Release|x64
		Release|x86 = Release|x86
	EndGlobalSection
	GlobalSection(ProjectConfigurationPlatforms) = postSolution
		{B2FF20AA-CE0B-4119-8FED-E6E1E019FAF9}.Debug|x64.ActiveCfg = Debug|x64
		{B2FF20AA-CE0B-4119-8FED-E6E1E019FAF9}.Debug|x64.Build.0 = Debug|x64
		{B2FF20AA-CE0B-4119-8FED-E6E1E019FAF9}.Debug|x86.ActiveCfg = Debug|Win32
		{B2FF20AA-CE0B-4119-8FED-E6E1E019FAF9}.Debug|x86.Build.0 = Debug|Win32
		{B2FF20AA-CE0B-4119-8FED-E6E1E019FAF9}.Release|x64.ActiveCfg = Release|x64
		{B2FF20AA-CE0B-4119-8FED-E6E1E019FAF9}.Release|x64.Build.0 = Release|x64
		{B2FF20AA-CE0B-4119-8FED-E6E1E019FAF9}.Release|x86.ActiveCfg = Release|Win32
		{B2FF20AA-CE0B-4119-8FED-E6E1E019FAF9}.Release|x86.Build.0 = Release|Win32
	EndGlobalSection
	GlobalSection(SolutionProperties) = preSolution
		HideSolutionNode = FALSE
	EndGlobalSection
	GlobalSection(ExtensibilityGlobals) = postSolution
		SolutionGuid = {BAAAC9DC-1F41-4845-93A7-5D20A9204C23}
	EndGlobalSection
EndGlobal
